{
	"name": "@otter/client",
	"version": "0.1.1",
	"lockfileVersion": 1,
	"requires": true,
	"dependencies": {
		"after": {
			"version": "0.8.2",
			"resolved": "https://registry.npmjs.org/after/-/after-0.8.2.tgz",
			"integrity": "sha1-/ts5T58OAqqXaOcCvaI7UF+ufh8="
		},
		"arraybuffer.slice": {
			"version": "0.0.7",
			"resolved": "https://registry.npmjs.org/arraybuffer.slice/-/arraybuffer.slice-0.0.7.tgz",
			"integrity": "sha512-wGUIVQXuehL5TCqQun8OW81jGzAWycqzFF8lFp+GOM5BXLYj3bKNsYC4daB7n6XjCqxQA/qgTJ+8ANR3acjrog=="
		},
		"asap": {
			"version": "2.0.6",
			"resolved": "https://registry.npmjs.org/asap/-/asap-2.0.6.tgz",
			"integrity": "sha1-5QNHYR1+aQlDIIu9r+vLwvuGbUY="
		},
		"async-limiter": {
			"version": "1.0.0",
			"resolved": "https://registry.npmjs.org/async-limiter/-/async-limiter-1.0.0.tgz",
			"integrity": "sha512-jp/uFnooOiO+L211eZOoSyzpOITMXx1rBITauYykG3BRYPu8h0UcxsPNB04RR5vo4Tyz3+ay17tR6JVf9qzYWg=="
		},
		"autobind-decorator": {
			"version": "2.1.0",
			"resolved": "https://registry.npmjs.org/autobind-decorator/-/autobind-decorator-2.1.0.tgz",
			"integrity": "sha512-bgyxeRi1R2Q8kWpHsb1c+lXCulbIAHsyZRddaS+agAUX3hFUVZMociwvRgeZi1zWvfqEEjybSv4zxWvFV8ydQQ=="
		},
		"backo2": {
			"version": "1.0.2",
			"resolved": "https://registry.npmjs.org/backo2/-/backo2-1.0.2.tgz",
			"integrity": "sha1-MasayLEpNjRj41s+u2n038+6eUc="
		},
		"base64-arraybuffer": {
			"version": "0.1.5",
			"resolved": "https://registry.npmjs.org/base64-arraybuffer/-/base64-arraybuffer-0.1.5.tgz",
			"integrity": "sha1-c5JncZI7Whl0etZmqlzUv5xunOg="
		},
		"better-assert": {
			"version": "1.0.2",
			"resolved": "https://registry.npmjs.org/better-assert/-/better-assert-1.0.2.tgz",
			"integrity": "sha1-QIZrnhueC1W0gYlDEeaPr/rrxSI=",
			"requires": {
				"callsite": "1.0.0"
			}
		},
		"blob": {
			"version": "0.0.4",
			"resolved": "https://registry.npmjs.org/blob/-/blob-0.0.4.tgz",
			"integrity": "sha1-vPEwUspURj8w+fx+lbmkdjCpSSE="
		},
		"browser-cookie": {
			"version": "1.2.1",
			"resolved": "https://registry.npmjs.org/browser-cookie/-/browser-cookie-1.2.1.tgz",
			"integrity": "sha1-DDYD7gYmO3RIy/sPlQVTL93nWEo="
		},
		"browser-cookies": {
			"version": "1.2.0",
			"resolved": "https://registry.npmjs.org/browser-cookies/-/browser-cookies-1.2.0.tgz",
			"integrity": "sha1-/KP/ubamOq3E2MCZnGtX0Pp9KbU="
		},
		"buffer-equal-constant-time": {
			"version": "1.0.1",
			"resolved": "https://registry.npmjs.org/buffer-equal-constant-time/-/buffer-equal-constant-time-1.0.1.tgz",
			"integrity": "sha1-+OcRMvf/5uAaXJaXpMbz5I1cyBk="
		},
		"callsite": {
			"version": "1.0.0",
			"resolved": "https://registry.npmjs.org/callsite/-/callsite-1.0.0.tgz",
			"integrity": "sha1-KAOY5dZkvXQDi28JBRU+borxvCA="
		},
		"classnames": {
			"version": "2.2.6",
			"resolved": "https://registry.npmjs.org/classnames/-/classnames-2.2.6.tgz",
			"integrity": "sha512-JR/iSQOSt+LQIWwrwEzJ9uk0xfN3mTVYMwt1Ir5mUcSN6pU+V4zQFFaJsclJbPuAUQH+yfWef6tm7l1quW3C8Q=="
		},
		"component-bind": {
			"version": "1.0.0",
			"resolved": "https://registry.npmjs.org/component-bind/-/component-bind-1.0.0.tgz",
			"integrity": "sha1-AMYIq33Nk4l8AAllGx06jh5zu9E="
		},
		"component-emitter": {
			"version": "1.2.1",
			"resolved": "https://registry.npmjs.org/component-emitter/-/component-emitter-1.2.1.tgz",
			"integrity": "sha1-E3kY1teCg/ffemt8WmPhQOaUJeY="
		},
		"component-inherit": {
			"version": "0.0.3",
			"resolved": "https://registry.npmjs.org/component-inherit/-/component-inherit-0.0.3.tgz",
			"integrity": "sha1-ZF/ErfWLcrZJ1crmUTVhnbJv8UM="
		},
		"core-js": {
			"version": "1.2.7",
			"resolved": "https://registry.npmjs.org/core-js/-/core-js-1.2.7.tgz",
			"integrity": "sha1-ZSKUwUZR2yj6k70tX/KYOk8IxjY="
		},
		"debug": {
			"version": "3.1.0",
			"resolved": "https://registry.npmjs.org/debug/-/debug-3.1.0.tgz",
			"integrity": "sha512-OX8XqP7/1a9cqkxYw2yXss15f26NKWBpDXQd0/uK/KPqdQhxbPa994hnzjcE2VqQpDslf55723cKPUOGSmMY3g==",
			"requires": {
				"ms": "2.0.0"
			}
		},
		"ecdsa-sig-formatter": {
			"version": "1.0.10",
			"resolved": "https://registry.npmjs.org/ecdsa-sig-formatter/-/ecdsa-sig-formatter-1.0.10.tgz",
			"integrity": "sha1-HFlQAPBKiJffuFAAiSoPTDOvhsM=",
			"requires": {
				"safe-buffer": "5.1.2"
			}
		},
		"encoding": {
			"version": "0.1.12",
			"resolved": "https://registry.npmjs.org/encoding/-/encoding-0.1.12.tgz",
			"integrity": "sha1-U4tm8+5izRq1HsMjgp0flIDHS+s=",
			"requires": {
				"iconv-lite": "0.4.24"
			}
		},
		"engine.io-client": {
			"version": "3.2.1",
			"resolved": "https://registry.npmjs.org/engine.io-client/-/engine.io-client-3.2.1.tgz",
			"integrity": "sha512-y5AbkytWeM4jQr7m/koQLc5AxpRKC1hEVUb/s1FUAWEJq5AzJJ4NLvzuKPuxtDi5Mq755WuDvZ6Iv2rXj4PTzw==",
			"requires": {
				"component-emitter": "1.2.1",
				"component-inherit": "0.0.3",
				"debug": "3.1.0",
				"engine.io-parser": "2.1.2",
				"has-cors": "1.1.0",
				"indexof": "0.0.1",
				"parseqs": "0.0.5",
				"parseuri": "0.0.5",
				"ws": "3.3.3",
				"xmlhttprequest-ssl": "1.5.5",
				"yeast": "0.1.2"
			}
		},
		"engine.io-parser": {
			"version": "2.1.2",
			"resolved": "https://registry.npmjs.org/engine.io-parser/-/engine.io-parser-2.1.2.tgz",
			"integrity": "sha512-dInLFzr80RijZ1rGpx1+56/uFoH7/7InhH3kZt+Ms6hT8tNx3NGW/WNSA/f8As1WkOfkuyb3tnRyuXGxusclMw==",
			"requires": {
				"after": "0.8.2",
				"arraybuffer.slice": "0.0.7",
				"base64-arraybuffer": "0.1.5",
				"blob": "0.0.4",
				"has-binary2": "1.0.3"
			}
		},
		"fbjs": {
			"version": "0.8.17",
			"resolved": "https://registry.npmjs.org/fbjs/-/fbjs-0.8.17.tgz",
			"integrity": "sha1-xNWY6taUkRJlPWWIsBpc3Nn5D90=",
			"requires": {
				"core-js": "1.2.7",
				"isomorphic-fetch": "2.2.1",
				"loose-envify": "1.4.0",
				"object-assign": "4.1.1",
				"promise": "7.3.1",
				"setimmediate": "1.0.5",
				"ua-parser-js": "0.7.18"
			}
		},
		"has-binary2": {
			"version": "1.0.3",
			"resolved": "https://registry.npmjs.org/has-binary2/-/has-binary2-1.0.3.tgz",
			"integrity": "sha512-G1LWKhDSvhGeAQ8mPVQlqNcOB2sJdwATtZKl2pDKKHfpf/rYj24lkinxf69blJbnsvtqqNU+L3SL50vzZhXOnw==",
			"requires": {
				"isarray": "2.0.1"
			}
		},
		"has-cors": {
			"version": "1.1.0",
			"resolved": "https://registry.npmjs.org/has-cors/-/has-cors-1.1.0.tgz",
			"integrity": "sha1-XkdHk/fqmEPRu5nCPu9J/xJv/zk="
		},
		"hoist-non-react-statics": {
			"version": "2.5.5",
			"resolved": "https://registry.npmjs.org/hoist-non-react-statics/-/hoist-non-react-statics-2.5.5.tgz",
			"integrity": "sha512-rqcy4pJo55FTTLWt+bU8ukscqHeE/e9KWvsOW2b/a3afxQZhwkQdT1rPPCJ0rYXdj4vNcasY8zHTH+jF/qStxw=="
		},
		"iconv-lite": {
			"version": "0.4.24",
			"resolved": "https://registry.npmjs.org/iconv-lite/-/iconv-lite-0.4.24.tgz",
			"integrity": "sha512-v3MXnZAcvnywkTUEZomIActle7RXXeedOR31wwl7VlyoXO4Qi9arvSenNQWne1TcRwhCL1HwLI21bEqdpj8/rA==",
			"requires": {
				"safer-buffer": "2.1.2"
			}
		},
		"indexof": {
			"version": "0.0.1",
			"resolved": "https://registry.npmjs.org/indexof/-/indexof-0.0.1.tgz",
			"integrity": "sha1-gtwzbSMrkGIXnQWrMpOmYFn9Q10="
		},
		"is-stream": {
			"version": "1.1.0",
			"resolved": "https://registry.npmjs.org/is-stream/-/is-stream-1.1.0.tgz",
			"integrity": "sha1-EtSj3U5o4Lec6428hBc66A2RykQ="
		},
		"isarray": {
			"version": "2.0.1",
			"resolved": "https://registry.npmjs.org/isarray/-/isarray-2.0.1.tgz",
			"integrity": "sha1-o32U7ZzaLVmGXJ92/llu4fM4dB4="
		},
		"isomorphic-fetch": {
			"version": "2.2.1",
			"resolved": "https://registry.npmjs.org/isomorphic-fetch/-/isomorphic-fetch-2.2.1.tgz",
			"integrity": "sha1-YRrhrPFPXoH3KVB0coGf6XM1WKk=",
			"requires": {
				"node-fetch": "1.7.3",
				"whatwg-fetch": "2.0.4"
			}
		},
		"js-tokens": {
			"version": "4.0.0",
			"resolved": "https://registry.npmjs.org/js-tokens/-/js-tokens-4.0.0.tgz",
			"integrity": "sha512-RdJUflcE3cUzKiMqQgsCu06FPu9UdIJO0beYbPhHN4k6apgJtifcoCtT9bcxOpYBtpD2kCM6Sbzg4CausW/PKQ=="
		},
		"jsonwebtoken": {
			"version": "8.3.0",
			"resolved": "https://registry.npmjs.org/jsonwebtoken/-/jsonwebtoken-8.3.0.tgz",
			"integrity": "sha512-oge/hvlmeJCH+iIz1DwcO7vKPkNGJHhgkspk8OH3VKlw+mbi42WtD4ig1+VXRln765vxptAv+xT26Fd3cteqag==",
			"requires": {
				"jws": "3.1.5",
				"lodash.includes": "4.3.0",
				"lodash.isboolean": "3.0.3",
				"lodash.isinteger": "4.0.4",
				"lodash.isnumber": "3.0.3",
				"lodash.isplainobject": "4.0.6",
				"lodash.isstring": "4.0.1",
				"lodash.once": "4.1.1",
				"ms": "2.1.1"
			},
			"dependencies": {
				"ms": {
					"version": "2.1.1",
					"resolved": "https://registry.npmjs.org/ms/-/ms-2.1.1.tgz",
					"integrity": "sha512-tgp+dl5cGk28utYktBsrFqA7HKgrhgPsg6Z/EfhWI4gl1Hwq8B/GmY/0oXZ6nF8hDVesS/FpnYaD/kOWhYQvyg=="
				}
			}
		},
		"jwa": {
			"version": "1.1.6",
			"resolved": "https://registry.npmjs.org/jwa/-/jwa-1.1.6.tgz",
			"integrity": "sha512-tBO/cf++BUsJkYql/kBbJroKOgHWEigTKBAjjBEmrMGYd1QMBC74Hr4Wo2zCZw6ZrVhlJPvoMrkcOnlWR/DJfw==",
			"requires": {
				"buffer-equal-constant-time": "1.0.1",
				"ecdsa-sig-formatter": "1.0.10",
				"safe-buffer": "5.1.2"
			}
		},
		"jws": {
			"version": "3.1.5",
			"resolved": "https://registry.npmjs.org/jws/-/jws-3.1.5.tgz",
			"integrity": "sha512-GsCSexFADNQUr8T5HPJvayTjvPIfoyJPtLQBwn5a4WZQchcrPMPMAWcC1AzJVRDKyD6ZPROPAxgv6rfHViO4uQ==",
			"requires": {
				"jwa": "1.1.6",
				"safe-buffer": "5.1.2"
			}
		},
		"lodash.includes": {
			"version": "4.3.0",
			"resolved": "https://registry.npmjs.org/lodash.includes/-/lodash.includes-4.3.0.tgz",
			"integrity": "sha1-YLuYqHy5I8aMoeUTJUgzFISfVT8="
		},
		"lodash.isboolean": {
			"version": "3.0.3",
			"resolved": "https://registry.npmjs.org/lodash.isboolean/-/lodash.isboolean-3.0.3.tgz",
			"integrity": "sha1-bC4XHbKiV82WgC/UOwGyDV9YcPY="
		},
		"lodash.isinteger": {
			"version": "4.0.4",
			"resolved": "https://registry.npmjs.org/lodash.isinteger/-/lodash.isinteger-4.0.4.tgz",
			"integrity": "sha1-YZwK89A/iwTDH1iChAt3sRzWg0M="
		},
		"lodash.isnumber": {
			"version": "3.0.3",
			"resolved": "https://registry.npmjs.org/lodash.isnumber/-/lodash.isnumber-3.0.3.tgz",
			"integrity": "sha1-POdoEMWSjQM1IwGsKHMX8RwLH/w="
		},
		"lodash.isplainobject": {
			"version": "4.0.6",
			"resolved": "https://registry.npmjs.org/lodash.isplainobject/-/lodash.isplainobject-4.0.6.tgz",
			"integrity": "sha1-fFJqUtibRcRcxpC4gWO+BJf1UMs="
		},
		"lodash.isstring": {
			"version": "4.0.1",
			"resolved": "https://registry.npmjs.org/lodash.isstring/-/lodash.isstring-4.0.1.tgz",
			"integrity": "sha1-1SfftUVuynzJu5XV2ur4i6VKVFE="
		},
		"lodash.once": {
			"version": "4.1.1",
			"resolved": "https://registry.npmjs.org/lodash.once/-/lodash.once-4.1.1.tgz",
			"integrity": "sha1-DdOXEhPHxW34gJd9UEyI+0cal6w="
		},
		"loose-envify": {
			"version": "1.4.0",
			"resolved": "https://registry.npmjs.org/loose-envify/-/loose-envify-1.4.0.tgz",
			"integrity": "sha512-lyuxPGr/Wfhrlem2CL/UcnUc1zcqKAImBDzukY7Y5F/yQiNdko6+fRLevlw1HgMySw7f611UIY408EtxRSoK3Q==",
			"requires": {
				"js-tokens": "4.0.0"
			}
		},
		"mobx": {
			"version": "5.0.4",
			"resolved": "https://registry.npmjs.org/mobx/-/mobx-5.0.4.tgz",
			"integrity": "sha512-LyvzEUSO8DSSwUt0hCyVYz3Socto/42CeS7P41jWitjQH1bCD0Y4lWBnesb2/4bkt4+F3o8AE/gU1I19SMpxzw=="
		},
		"mobx-react": {
			"version": "5.2.5",
			"resolved": "https://registry.npmjs.org/mobx-react/-/mobx-react-5.2.5.tgz",
			"integrity": "sha512-vSwsjGwmaqTmaEsPWET/APccjirTiIIchQA3YVasKzaxIGv62BNJUHFjrkIAbGBLeqJma+ZgSu158OqQLK0vaQ==",
			"requires": {
				"hoist-non-react-statics": "2.5.5",
				"react-lifecycles-compat": "3.0.4"
			}
		},
		"ms": {
			"version": "2.0.0",
			"resolved": "https://registry.npmjs.org/ms/-/ms-2.0.0.tgz",
			"integrity": "sha1-VgiurfwAvmwpAd9fmGF4jeDVl8g="
		},
		"node-fetch": {
			"version": "1.7.3",
			"resolved": "https://registry.npmjs.org/node-fetch/-/node-fetch-1.7.3.tgz",
			"integrity": "sha512-NhZ4CsKx7cYm2vSrBAr2PvFOe6sWDf0UYLRqA6svUYg7+/TSfVAu49jYC4BvQ4Sms9SZgdqGBgroqfDhJdTyKQ==",
			"requires": {
				"encoding": "0.1.12",
				"is-stream": "1.1.0"
			}
		},
		"object-assign": {
			"version": "4.1.1",
			"resolved": "https://registry.npmjs.org/object-assign/-/object-assign-4.1.1.tgz",
			"integrity": "sha1-IQmtx5ZYh8/AXLvUQsrIv7s2CGM="
		},
		"object-component": {
			"version": "0.0.3",
			"resolved": "https://registry.npmjs.org/object-component/-/object-component-0.0.3.tgz",
			"integrity": "sha1-8MaapQ78lbhmwYb0AKM3acsvEpE="
		},
		"parseqs": {
			"version": "0.0.5",
			"resolved": "https://registry.npmjs.org/parseqs/-/parseqs-0.0.5.tgz",
			"integrity": "sha1-1SCKNzjkZ2bikbouoXNoSSGouJ0=",
			"requires": {
				"better-assert": "1.0.2"
			}
		},
		"parseuri": {
			"version": "0.0.5",
			"resolved": "https://registry.npmjs.org/parseuri/-/parseuri-0.0.5.tgz",
			"integrity": "sha1-gCBKUNTbt3m/3G6+J3jZDkvOMgo=",
			"requires": {
				"better-assert": "1.0.2"
			}
		},
		"path-parser": {
			"version": "4.2.0",
			"resolved": "https://registry.npmjs.org/path-parser/-/path-parser-4.2.0.tgz",
			"integrity": "sha512-MPPZiWTTp2I72VXmGQQfsn2ohrbd9QTbZSLYNS+HXsnQ37VbiLR/szO2R7DHaZA1V1scYxuxgyQerj+6kMTXtA==",
			"requires": {
				"search-params": "2.1.3"
			}
		},
		"promise": {
			"version": "7.3.1",
			"resolved": "https://registry.npmjs.org/promise/-/promise-7.3.1.tgz",
			"integrity": "sha512-nolQXZ/4L+bP/UGlkfaIujX9BKxGwmQ9OT4mOt5yvy8iK1h3wqTEJCijzGANTCCl9nWjY41juyAn2K3Q1hLLTg==",
			"requires": {
				"asap": "2.0.6"
			}
		},
		"prop-types": {
			"version": "15.6.2",
			"resolved": "https://registry.npmjs.org/prop-types/-/prop-types-15.6.2.tgz",
			"integrity": "sha512-3pboPvLiWD7dkI3qf3KbUe6hKFKa52w+AE0VCqECtf+QHAKgOL37tTaNCnuX1nAAQ4ZhyP+kYVKf8rLmJ/feDQ==",
			"requires": {
				"loose-envify": "1.4.0",
				"object-assign": "4.1.1"
			}
		},
		"react": {
			"version": "16.4.2",
			"resolved": "https://registry.npmjs.org/react/-/react-16.4.2.tgz",
			"integrity": "sha512-dMv7YrbxO4y2aqnvA7f/ik9ibeLSHQJTI6TrYAenPSaQ6OXfb+Oti+oJiy8WBxgRzlKatYqtCjphTgDSCEiWFg==",
			"requires": {
				"fbjs": "0.8.17",
				"loose-envify": "1.4.0",
				"object-assign": "4.1.1",
				"prop-types": "15.6.2"
			}
		},
		"react-dom": {
			"version": "16.4.2",
			"resolved": "https://registry.npmjs.org/react-dom/-/react-dom-16.4.2.tgz",
			"integrity": "sha512-Usl73nQqzvmJN+89r97zmeUpQDKDlh58eX6Hbs/ERdDHzeBzWy+ENk7fsGQ+5KxArV1iOFPT46/VneklK9zoWw==",
			"requires": {
				"fbjs": "0.8.17",
				"loose-envify": "1.4.0",
				"object-assign": "4.1.1",
				"prop-types": "15.6.2"
			}
		},
		"react-lifecycles-compat": {
			"version": "3.0.4",
			"resolved": "https://registry.npmjs.org/react-lifecycles-compat/-/react-lifecycles-compat-3.0.4.tgz",
			"integrity": "sha512-fBASbA6LnOU9dOU2eW7aQ8xmYBSXUIWr+UmF9b1efZBazGNO+rcXT/icdKnYm2pTwcRylVUYwW7H1PHfLekVzA=="
		},
		"route-node": {
			"version": "3.4.0",
			"resolved": "https://registry.npmjs.org/route-node/-/route-node-3.4.0.tgz",
			"integrity": "sha512-1ehLwKfBJ+M47AI2m9c3E6PeZ3ixgFLy07oBBlrYg0omcAIYjQ2FBoFG+Da5JVPC1sTVvWa00hE61uEUUtsdLA==",
			"requires": {
				"path-parser": "4.2.0",
				"search-params": "2.1.3"
			}
		},
		"router5": {
			"version": "6.4.2",
			"resolved": "https://registry.npmjs.org/router5/-/router5-6.4.2.tgz",
			"integrity": "sha512-lNHBfEyYbU2T0qp+n4tzO9MsPcTpK5nTIDExMXqOKQ7YVFU8rccAK8tqxOEFbzYpezqUZPGEsPJwjwrlZ5WQ7Q==",
			"requires": {
				"route-node": "3.4.0",
				"router5-transition-path": "5.3.1",
				"symbol-observable": "1.2.0"
			}
		},
		"router5-transition-path": {
			"version": "5.3.1",
			"resolved": "https://registry.npmjs.org/router5-transition-path/-/router5-transition-path-5.3.1.tgz",
			"integrity": "sha512-K5MXFxYlZhfLXYgoNTK77yDzorD1cFYq+0vgcgFT2hVymd+4XsUDt7h7FrwaYSbxbU+HiBNggwIKodAm4OHo2w=="
		},
		"safe-buffer": {
			"version": "5.1.2",
			"resolved": "https://registry.npmjs.org/safe-buffer/-/safe-buffer-5.1.2.tgz",
			"integrity": "sha512-Gd2UZBJDkXlY7GbJxfsE8/nvKkUEU1G38c1siN6QP6a9PT9MmHB8GnpscSmMJSoF8LOIrt8ud/wPtojys4G6+g=="
		},
		"safer-buffer": {
			"version": "2.1.2",
			"resolved": "https://registry.npmjs.org/safer-buffer/-/safer-buffer-2.1.2.tgz",
			"integrity": "sha512-YZo3K82SD7Riyi0E1EQPojLz7kpepnSQI9IyPbHHg1XXXevb5dJI7tpyN2ADxGcQbHG7vcyRHk0cbwqcQriUtg=="
		},
		"search-params": {
			"version": "2.1.3",
			"resolved": "https://registry.npmjs.org/search-params/-/search-params-2.1.3.tgz",
			"integrity": "sha512-hHxU9ZGWpZ/lrFBIHndSnQae2in7ra+m+tBSoeAahSWDDgOgpZqs4bfaTZpljgNgAgTbjiQoJtZW6FKSsfEcDA=="
		},
		"setimmediate": {
			"version": "1.0.5",
			"resolved": "https://registry.npmjs.org/setimmediate/-/setimmediate-1.0.5.tgz",
			"integrity": "sha1-KQy7Iy4waULX1+qbg3Mqt4VvgoU="
		},
		"socket.io-client": {
			"version": "2.1.1",
			"resolved": "https://registry.npmjs.org/socket.io-client/-/socket.io-client-2.1.1.tgz",
			"integrity": "sha512-jxnFyhAuFxYfjqIgduQlhzqTcOEQSn+OHKVfAxWaNWa7ecP7xSNk2Dx/3UEsDcY7NcFafxvNvKPmmO7HTwTxGQ==",
			"requires": {
				"backo2": "1.0.2",
				"base64-arraybuffer": "0.1.5",
				"component-bind": "1.0.0",
				"component-emitter": "1.2.1",
				"debug": "3.1.0",
				"engine.io-client": "3.2.1",
				"has-binary2": "1.0.3",
				"has-cors": "1.1.0",
				"indexof": "0.0.1",
				"object-component": "0.0.3",
				"parseqs": "0.0.5",
				"parseuri": "0.0.5",
				"socket.io-parser": "3.2.0",
				"to-array": "0.1.4"
			}
		},
		"socket.io-parser": {
			"version": "3.2.0",
			"resolved": "https://registry.npmjs.org/socket.io-parser/-/socket.io-parser-3.2.0.tgz",
			"integrity": "sha512-FYiBx7rc/KORMJlgsXysflWx/RIvtqZbyGLlHZvjfmPTPeuD/I8MaW7cfFrj5tRltICJdgwflhfZ3NVVbVLFQA==",
			"requires": {
				"component-emitter": "1.2.1",
				"debug": "3.1.0",
				"isarray": "2.0.1"
			}
		},
		"symbol-observable": {
			"version": "1.2.0",
			"resolved": "https://registry.npmjs.org/symbol-observable/-/symbol-observable-1.2.0.tgz",
			"integrity": "sha512-e900nM8RRtGhlV36KGEU9k65K3mPb1WV70OdjfxlG2EAuM1noi/E/BaW/uMhL7bPEssK8QV57vN3esixjUvcXQ=="
		},
		"to-array": {
			"version": "0.1.4",
			"resolved": "https://registry.npmjs.org/to-array/-/to-array-0.1.4.tgz",
			"integrity": "sha1-F+bBH3PdTz10zaek/zI46a2b+JA="
		},
		"ua-parser-js": {
			"version": "0.7.18",
			"resolved": "https://registry.npmjs.org/ua-parser-js/-/ua-parser-js-0.7.18.tgz",
			"integrity": "sha512-LtzwHlVHwFGTptfNSgezHp7WUlwiqb0gA9AALRbKaERfxwJoiX0A73QbTToxteIAuIaFshhgIZfqK8s7clqgnA=="
		},
		"ultron": {
			"version": "1.1.1",
			"resolved": "https://registry.npmjs.org/ultron/-/ultron-1.1.1.tgz",
			"integrity": "sha512-UIEXBNeYmKptWH6z8ZnqTeS8fV74zG0/eRU9VGkpzz+LIJNs8W/zM/L+7ctCkRrgbNnnR0xxw4bKOr0cW0N0Og=="
		},
		"whatwg-fetch": {
			"version": "2.0.4",
			"resolved": "https://registry.npmjs.org/whatwg-fetch/-/whatwg-fetch-2.0.4.tgz",
			"integrity": "sha512-dcQ1GWpOD/eEQ97k66aiEVpNnapVj90/+R+SXTPYGHpYBBypfKJEQjLrvMZ7YXbKm21gXd4NcuxUTjiv1YtLng=="
		},
		"ws": {
			"version": "3.3.3",
			"resolved": "https://registry.npmjs.org/ws/-/ws-3.3.3.tgz",
			"integrity": "sha512-nnWLa/NwZSt4KQJu51MYlCcSQ5g7INpOrOMt4XV8j4dqTXdmlUmSHQ8/oLC069ckre0fRsgfvsKwbTdtKLCDkA==",
			"requires": {
				"async-limiter": "1.0.0",
				"safe-buffer": "5.1.2",
				"ultron": "1.1.1"
			}
		},
		"xmlhttprequest-ssl": {
			"version": "1.5.5",
			"resolved": "https://registry.npmjs.org/xmlhttprequest-ssl/-/xmlhttprequest-ssl-1.5.5.tgz",
			"integrity": "sha1-wodrBhaKrcQOV9l+gRkayPQ5iz4="
		},
		"yeast": {
			"version": "0.1.2",
			"resolved": "https://registry.npmjs.org/yeast/-/yeast-0.1.2.tgz",
			"integrity": "sha1-AI4G2AlDIMNy28L47XagymyKxBk="
		}
	}
}
